// !$*UTF8*$!
{
	archiveVersion = 1;
	classes = {
	};
	objectVersion = 46;
	objects = {

/* Begin PBXBuildFile section */
		B4E3BAEF1B27CEE900742CCF /* main.m in Sources */ = {isa = PBXBuildFile; fileRef = B4E3BAEE1B27CEE900742CCF /* main.m */; };
		B4E3BAF21B27CEE900742CCF /* AppDelegate.m in Sources */ = {isa = PBXBuildFile; fileRef = B4E3BAF11B27CEE900742CCF /* AppDelegate.m */; };
		B4E3BAF51B27CEE900742CCF /* MasterViewController.m in Sources */ = {isa = PBXBuildFile; fileRef = B4E3BAF41B27CEE900742CCF /* MasterViewController.m */; };
		B4E3BAF81B27CEE900742CCF /* DetailViewController.m in Sources */ = {isa = PBXBuildFile; fileRef = B4E3BAF71B27CEE900742CCF /* DetailViewController.m */; };
		B4E3BAFB1B27CEE900742CCF /* Main.storyboard in Resources */ = {isa = PBXBuildFile; fileRef = B4E3BAF91B27CEE900742CCF /* Main.storyboard */; };
		B4E3BAFD1B27CEE900742CCF /* Assets.xcassets in Resources */ = {isa = PBXBuildFile; fileRef = B4E3BAFC1B27CEE900742CCF /* Assets.xcassets */; };
		B4E3BB001B27CEE900742CCF /* LaunchScreen.storyboard in Resources */ = {isa = PBXBuildFile; fileRef = B4E3BAFE1B27CEE900742CCF /* LaunchScreen.storyboard */; };
		B4E3BB0B1B27CEE900742CCF /* AAATestTests.m in Sources */ = {isa = PBXBuildFile; fileRef = B4E3BB0A1B27CEE900742CCF /* AAATestTests.m */; };
		B4E3BB161B27CEE900742CCF /* AAATestUITests.m in Sources */ = {isa = PBXBuildFile; fileRef = B4E3BB151B27CEE900742CCF /* AAATestUITests.m */; };
		B4E3BB251B28718B00742CCF /* AAACharacterDataSource.m in Sources */ = {isa = PBXBuildFile; fileRef = B4E3BB241B28718B00742CCF /* AAACharacterDataSource.m */; };
/* End PBXBuildFile section */

/* Begin PBXContainerItemProxy section */
		B4E3BB071B27CEE900742CCF /* PBXContainerItemProxy */ = {
			isa = PBXContainerItemProxy;
			containerPortal = B4E3BAE21B27CEE900742CCF /* Project object */;
			proxyType = 1;
			remoteGlobalIDString = B4E3BAE91B27CEE900742CCF;
			remoteInfo = AAATest;
		};
		B4E3BB121B27CEE900742CCF /* PBXContainerItemProxy */ = {
			isa = PBXContainerItemProxy;
			containerPortal = B4E3BAE21B27CEE900742CCF /* Project object */;
			proxyType = 1;
			remoteGlobalIDString = B4E3BAE91B27CEE900742CCF;
			remoteInfo = AAATest;
		};
/* End PBXContainerItemProxy section */

/* Begin PBXFileReference section */
		B4E3BAEA1B27CEE900742CCF /* AAATest.app */ = {isa = PBXFileReference; explicitFileType = wrapper.application; includeInIndex = 0; path = AAATest.app; sourceTree = BUILT_PRODUCTS_DIR; };
		B4E3BAEE1B27CEE900742CCF /* main.m */ = {isa = PBXFileReference; lastKnownFileType = sourcecode.c.objc; path = main.m; sourceTree = "<group>"; };
		B4E3BAF01B27CEE900742CCF /* AppDelegate.h */ = {isa = PBXFileReference; lastKnownFileType = sourcecode.c.h; path = AppDelegate.h; sourceTree = "<group>"; };
		B4E3BAF11B27CEE900742CCF /* AppDelegate.m */ = {isa = PBXFileReference; lastKnownFileType = sourcecode.c.objc; path = AppDelegate.m; sourceTree = "<group>"; };
		B4E3BAF31B27CEE900742CCF /* MasterViewController.h */ = {isa = PBXFileReference; lastKnownFileType = sourcecode.c.h; path = MasterViewController.h; sourceTree = "<group>"; };
		B4E3BAF41B27CEE900742CCF /* MasterViewController.m */ = {isa = PBXFileReference; lastKnownFileType = sourcecode.c.objc; path = MasterViewController.m; sourceTree = "<group>"; };
		B4E3BAF61B27CEE900742CCF /* DetailViewController.h */ = {isa = PBXFileReference; lastKnownFileType = sourcecode.c.h; path = DetailViewController.h; sourceTree = "<group>"; };
		B4E3BAF71B27CEE900742CCF /* DetailViewController.m */ = {isa = PBXFileReference; lastKnownFileType = sourcecode.c.objc; path = DetailViewController.m; sourceTree = "<group>"; };
		B4E3BAFA1B27CEE900742CCF /* Base */ = {isa = PBXFileReference; lastKnownFileType = file.storyboard; name = Base; path = Base.lproj/Main.storyboard; sourceTree = "<group>"; };
		B4E3BAFC1B27CEE900742CCF /* Assets.xcassets */ = {isa = PBXFileReference; lastKnownFileType = folder.assetcatalog; path = Assets.xcassets; sourceTree = "<group>"; };
		B4E3BAFF1B27CEE900742CCF /* Base */ = {isa = PBXFileReference; lastKnownFileType = file.storyboard; name = Base; path = Base.lproj/LaunchScreen.storyboard; sourceTree = "<group>"; };
		B4E3BB011B27CEE900742CCF /* Info.plist */ = {isa = PBXFileReference; lastKnownFileType = text.plist.xml; path = Info.plist; sourceTree = "<group>"; };
		B4E3BB061B27CEE900742CCF /* AAATestTests.xctest */ = {isa = PBXFileReference; explicitFileType = wrapper.cfbundle; includeInIndex = 0; path = AAATestTests.xctest; sourceTree = BUILT_PRODUCTS_DIR; };
		B4E3BB0A1B27CEE900742CCF /* AAATestTests.m */ = {isa = PBXFileReference; lastKnownFileType = sourcecode.c.objc; path = AAATestTests.m; sourceTree = "<group>"; };
		B4E3BB0C1B27CEE900742CCF /* Info.plist */ = {isa = PBXFileReference; lastKnownFileType = text.plist.xml; path = Info.plist; sourceTree = "<group>"; };
		B4E3BB111B27CEE900742CCF /* AAATestUITests.xctest */ = {isa = PBXFileReference; explicitFileType = wrapper.cfbundle; includeInIndex = 0; path = AAATestUITests.xctest; sourceTree = BUILT_PRODUCTS_DIR; };
		B4E3BB151B27CEE900742CCF /* AAATestUITests.m */ = {isa = PBXFileReference; lastKnownFileType = sourcecode.c.objc; path = AAATestUITests.m; sourceTree = "<group>"; };
		B4E3BB171B27CEE900742CCF /* Info.plist */ = {isa = PBXFileReference; lastKnownFileType = text.plist.xml; path = Info.plist; sourceTree = "<group>"; };
		B4E3BB231B28718B00742CCF /* AAACharacterDataSource.h */ = {isa = PBXFileReference; fileEncoding = 4; lastKnownFileType = sourcecode.c.h; path = AAACharacterDataSource.h; sourceTree = "<group>"; };
		B4E3BB241B28718B00742CCF /* AAACharacterDataSource.m */ = {isa = PBXFileReference; fileEncoding = 4; lastKnownFileType = sourcecode.c.objc; path = AAACharacterDataSource.m; sourceTree = "<group>"; };
/* End PBXFileReference section */

/* Begin PBXFrameworksBuildPhase section */
		B4E3BAE71B27CEE900742CCF /* Frameworks */ = {
			isa = PBXFrameworksBuildPhase;
			buildActionMask = 2147483647;
			files = (
			);
			runOnlyForDeploymentPostprocessing = 0;
		};
		B4E3BB031B27CEE900742CCF /* Frameworks */ = {
			isa = PBXFrameworksBuildPhase;
			buildActionMask = 2147483647;
			files = (
			);
			runOnlyForDeploymentPostprocessing = 0;
		};
		B4E3BB0E1B27CEE900742CCF /* Frameworks */ = {
			isa = PBXFrameworksBuildPhase;
			buildActionMask = 2147483647;
			files = (
			);
			runOnlyForDeploymentPostprocessing = 0;
		};
/* End PBXFrameworksBuildPhase section */

/* Begin PBXGroup section */
		B4E3BAE11B27CEE900742CCF = {
			isa = PBXGroup;
			children = (
				B4E3BAEC1B27CEE900742CCF /* AAATest */,
				B4E3BB091B27CEE900742CCF /* AAATestTests */,
				B4E3BB141B27CEE900742CCF /* AAATestUITests */,
				B4E3BAEB1B27CEE900742CCF /* Products */,
			);
			sourceTree = "<group>";
		};
		B4E3BAEB1B27CEE900742CCF /* Products */ = {
			isa = PBXGroup;
			children = (
				B4E3BAEA1B27CEE900742CCF /* AAATest.app */,
				B4E3BB061B27CEE900742CCF /* AAATestTests.xctest */,
				B4E3BB111B27CEE900742CCF /* AAATestUITests.xctest */,
			);
			name = Products;
			sourceTree = "<group>";
		};
		B4E3BAEC1B27CEE900742CCF /* AAATest */ = {
			isa = PBXGroup;
			children = (
				B4E3BAF01B27CEE900742CCF /* AppDelegate.h */,
				B4E3BAF11B27CEE900742CCF /* AppDelegate.m */,
				B4E3BAF31B27CEE900742CCF /* MasterViewController.h */,
				B4E3BAF41B27CEE900742CCF /* MasterViewController.m */,
				B4E3BAF61B27CEE900742CCF /* DetailViewController.h */,
				B4E3BAF71B27CEE900742CCF /* DetailViewController.m */,
				B4E3BAF91B27CEE900742CCF /* Main.storyboard */,
				B4E3BAFC1B27CEE900742CCF /* Assets.xcassets */,
				B4E3BAFE1B27CEE900742CCF /* LaunchScreen.storyboard */,
				B4E3BB011B27CEE900742CCF /* Info.plist */,
				B4E3BAED1B27CEE900742CCF /* Supporting Files */,
				B4E3BB231B28718B00742CCF /* AAACharacterDataSource.h */,
				B4E3BB241B28718B00742CCF /* AAACharacterDataSource.m */,
			);
			path = AAATest;
			sourceTree = "<group>";
		};
		B4E3BAED1B27CEE900742CCF /* Supporting Files */ = {
			isa = PBXGroup;
			children = (
				B4E3BAEE1B27CEE900742CCF /* main.m */,
			);
			name = "Supporting Files";
			sourceTree = "<group>";
		};
		B4E3BB091B27CEE900742CCF /* AAATestTests */ = {
			isa = PBXGroup;
			children = (
				B4E3BB0A1B27CEE900742CCF /* AAATestTests.m */,
				B4E3BB0C1B27CEE900742CCF /* Info.plist */,
			);
			path = AAATestTests;
			sourceTree = "<group>";
		};
		B4E3BB141B27CEE900742CCF /* AAATestUITests */ = {
			isa = PBXGroup;
			children = (
				B4E3BB151B27CEE900742CCF /* AAATestUITests.m */,
				B4E3BB171B27CEE900742CCF /* Info.plist */,
			);
			path = AAATestUITests;
			sourceTree = "<group>";
		};
/* End PBXGroup section */

/* Begin PBXNativeTarget section */
		B4E3BAE91B27CEE900742CCF /* AAATest */ = {
			isa = PBXNativeTarget;
			buildConfigurationList = B4E3BB1A1B27CEE900742CCF /* Build configuration list for PBXNativeTarget "AAATest" */;
			buildPhases = (
				B4E3BAE61B27CEE900742CCF /* Sources */,
				B4E3BAE71B27CEE900742CCF /* Frameworks */,
				B4E3BAE81B27CEE900742CCF /* Resources */,
			);
			buildRules = (
			);
			dependencies = (
			);
			name = AAATest;
			productName = AAATest;
			productReference = B4E3BAEA1B27CEE900742CCF /* AAATest.app */;
			productType = "com.apple.product-type.application";
		};
		B4E3BB051B27CEE900742CCF /* AAATestTests */ = {
			isa = PBXNativeTarget;
			buildConfigurationList = B4E3BB1D1B27CEE900742CCF /* Build configuration list for PBXNativeTarget "AAATestTests" */;
			buildPhases = (
				B4E3BB021B27CEE900742CCF /* Sources */,
				B4E3BB031B27CEE900742CCF /* Frameworks */,
				B4E3BB041B27CEE900742CCF /* Resources */,
			);
			buildRules = (
			);
			dependencies = (
				B4E3BB081B27CEE900742CCF /* PBXTargetDependency */,
			);
			name = AAATestTests;
			productName = AAATestTests;
			productReference = B4E3BB061B27CEE900742CCF /* AAATestTests.xctest */;
			productType = "com.apple.product-type.bundle.unit-test";
		};
		B4E3BB101B27CEE900742CCF /* AAATestUITests */ = {
			isa = PBXNativeTarget;
			buildConfigurationList = B4E3BB201B27CEE900742CCF /* Build configuration list for PBXNativeTarget "AAATestUITests" */;
			buildPhases = (
				B4E3BB0D1B27CEE900742CCF /* Sources */,
				B4E3BB0E1B27CEE900742CCF /* Frameworks */,
				B4E3BB0F1B27CEE900742CCF /* Resources */,
			);
			buildRules = (
			);
			dependencies = (
				B4E3BB131B27CEE900742CCF /* PBXTargetDependency */,
			);
			name = AAATestUITests;
			productName = AAATestUITests;
			productReference = B4E3BB111B27CEE900742CCF /* AAATestUITests.xctest */;
			productType = "com.apple.product-type.bundle.ui-testing";
		};
/* End PBXNativeTarget section */

/* Begin PBXProject section */
		B4E3BAE21B27CEE900742CCF /* Project object */ = {
			isa = PBXProject;
			attributes = {
				LastUpgradeCheck = 0700;
				ORGANIZATIONNAME = "Euclid Software, LLC";
				TargetAttributes = {
					B4E3BAE91B27CEE900742CCF = {
						CreatedOnToolsVersion = 7.0;
					};
					B4E3BB051B27CEE900742CCF = {
						CreatedOnToolsVersion = 7.0;
						TestTargetID = B4E3BAE91B27CEE900742CCF;
					};
					B4E3BB101B27CEE900742CCF = {
						CreatedOnToolsVersion = 7.0;
						TestTargetID = B4E3BAE91B27CEE900742CCF;
					};
				};
			};
			buildConfigurationList = B4E3BAE51B27CEE900742CCF /* Build configuration list for PBXProject "AAATest" */;
			compatibilityVersion = "Xcode 3.2";
			developmentRegion = English;
			hasScannedForEncodings = 0;
			knownRegions = (
				en,
				Base,
			);
			mainGroup = B4E3BAE11B27CEE900742CCF;
			productRefGroup = B4E3BAEB1B27CEE900742CCF /* Products */;
			projectDirPath = "";
			projectRoot = "";
			targets = (
				B4E3BAE91B27CEE900742CCF /* AAATest */,
				B4E3BB051B27CEE900742CCF /* AAATestTests */,
				B4E3BB101B27CEE900742CCF /* AAATestUITests */,
			);
		};
/* End PBXProject section */

/* Begin PBXResourcesBuildPhase section */
		B4E3BAE81B27CEE900742CCF /* Resources */ = {
			isa = PBXResourcesBuildPhase;
			buildActionMask = 2147483647;
			files = (
				B4E3BB001B27CEE900742CCF /* LaunchScreen.storyboard in Resources */,
				B4E3BAFD1B27CEE900742CCF /* Assets.xcassets in Resources */,
				B4E3BAFB1B27CEE900742CCF /* Main.storyboard in Resources */,
			);
			runOnlyForDeploymentPostprocessing = 0;
		};
		B4E3BB041B27CEE900742CCF /* Resources */ = {
			isa = PBXResourcesBuildPhase;
			buildActionMask = 2147483647;
			files = (
			);
			runOnlyForDeploymentPostprocessing = 0;
		};
		B4E3BB0F1B27CEE900742CCF /* Resources */ = {
			isa = PBXResourcesBuildPhase;
			buildActionMask = 2147483647;
			files = (
			);
			runOnlyForDeploymentPostprocessing = 0;
		};
/* End PBXResourcesBuildPhase section */

/* Begin PBXSourcesBuildPhase section */
		B4E3BAE61B27CEE900742CCF /* Sources */ = {
			isa = PBXSourcesBuildPhase;
			buildActionMask = 2147483647;
			files = (
				B4E3BAF21B27CEE900742CCF /* AppDelegate.m in Sources */,
				B4E3BAF51B27CEE900742CCF /* MasterViewController.m in Sources */,
				B4E3BAEF1B27CEE900742CCF /* main.m in Sources */,
				B4E3BB251B28718B00742CCF /* AAACharacterDataSource.m in Sources */,
				B4E3BAF81B27CEE900742CCF /* DetailViewController.m in Sources */,
			);
			runOnlyForDeploymentPostprocessing = 0;
		};
		B4E3BB021B27CEE900742CCF /* Sources */ = {
			isa = PBXSourcesBuildPhase;
			buildActionMask = 2147483647;
			files = (
				B4E3BB0B1B27CEE900742CCF /* AAATestTests.m in Sources */,
			);
			runOnlyForDeploymentPostprocessing = 0;
		};
		B4E3BB0D1B27CEE900742CCF /* Sources */ = {
			isa = PBXSourcesBuildPhase;
			buildActionMask = 2147483647;
			files = (
				B4E3BB161B27CEE900742CCF /* AAATestUITests.m in Sources */,
			);
			runOnlyForDeploymentPostprocessing = 0;
		};
/* End PBXSourcesBuildPhase section */

/* Begin PBXTargetDependency section */
		B4E3BB081B27CEE900742CCF /* PBXTargetDependency */ = {
			isa = PBXTargetDependency;
			target = B4E3BAE91B27CEE900742CCF /* AAATest */;
			targetProxy = B4E3BB071B27CEE900742CCF /* PBXContainerItemProxy */;
		};
		B4E3BB131B27CEE900742CCF /* PBXTargetDependency */ = {
			isa = PBXTargetDependency;
			target = B4E3BAE91B27CEE900742CCF /* AAATest */;
			targetProxy = B4E3BB121B27CEE900742CCF /* PBXContainerItemProxy */;
		};
/* End PBXTargetDependency section */

/* Begin PBXVariantGroup section */
		B4E3BAF91B27CEE900742CCF /* Main.storyboard */ = {
			isa = PBXVariantGroup;
			children = (
				B4E3BAFA1B27CEE900742CCF /* Base */,
			);
			name = Main.storyboard;
			sourceTree = "<group>";
		};
		B4E3BAFE1B27CEE900742CCF /* LaunchScreen.storyboard */ = {
			isa = PBXVariantGroup;
			children = (
				B4E3BAFF1B27CEE900742CCF /* Base */,
			);
			name = LaunchScreen.storyboard;
			sourceTree = "<group>";
		};
/* End PBXVariantGroup section */

/* Begin XCBuildConfiguration section */
		B4E3BB181B27CEE900742CCF /* Debug */ = {
			isa = XCBuildConfiguration;
			buildSettings = {
				ALWAYS_SEARCH_USER_PATHS = NO;
				CLANG_CXX_LANGUAGE_STANDARD = "gnu++0x";
				CLANG_CXX_LIBRARY = "libc++";
				CLANG_ENABLE_MODULES = YES;
				CLANG_ENABLE_OBJC_ARC = YES;
				CLANG_WARN_BOOL_CONVERSION = YES;
				CLANG_WARN_CONSTANT_CONVERSION = YES;
				CLANG_WARN_DIRECT_OBJC_ISA_USAGE = YES_ERROR;
				CLANG_WARN_EMPTY_BODY = YES;
				CLANG_WARN_ENUM_CONVERSION = YES;
				CLANG_WARN_INT_CONVERSION = YES;
				CLANG_WARN_OBJC_ROOT_CLASS = YES_ERROR;
				CLANG_WARN_UNREACHABLE_CODE = YES;
				CLANG_WARN__DUPLICATE_METHOD_MATCH = YES;
				"CODE_SIGN_IDENTITY[sdk=iphoneos*]" = "iPhone Developer";
				COPY_PHASE_STRIP = NO;
				DEBUG_INFORMATION_FORMAT = dwarf;
				ENABLE_STRICT_OBJC_MSGSEND = YES;
				ENABLE_TESTABILITY = YES;
				GCC_C_LANGUAGE_STANDARD = gnu99;
				GCC_DYNAMIC_NO_PIC = NO;
				GCC_NO_COMMON_BLOCKS = YES;
				GCC_OPTIMIZATION_LEVEL = 0;
				GCC_PREPROCESSOR_DEFINITIONS = (
					"DEBUG=1",
					"$(inherited)",
				);
				GCC_WARN_64_TO_32_BIT_CONVERSION = YES;
				GCC_WARN_ABOUT_RETURN_TYPE = YES_ERROR;
				GCC_WARN_UNDECLARED_SELECTOR = YES;
				GCC_WARN_UNINITIALIZED_AUTOS = YES_AGGRESSIVE;
				GCC_WARN_UNUSED_FUNCTION = YES;
				GCC_WARN_UNUSED_VARIABLE = YES;
				IPHONEOS_DEPLOYMENT_TARGET = 9.0;
				MTL_ENABLE_DEBUG_INFO = YES;
				ONLY_ACTIVE_ARCH = YES;
				SDKROOT = iphoneos;
				TARGETED_DEVICE_FAMILY = "1,2";
			};
			name = Debug;
		};
		B4E3BB191B27CEE900742CCF /* Release */ = {
			isa = XCBuildConfiguration;
			buildSettings = {
				ALWAYS_SEARCH_USER_PATHS = NO;
				CLANG_CXX_LANGUAGE_STANDARD = "gnu++0x";
				CLANG_CXX_LIBRARY = "libc++";
				CLANG_ENABLE_MODULES = YES;
				CLANG_ENABLE_OBJC_ARC = YES;
				CLANG_WARN_BOOL_CONVERSION = YES;
				CLANG_WARN_CONSTANT_CONVERSION = YES;
				CLANG_WARN_DIRECT_OBJC_ISA_USAGE = YES_ERROR;
				CLANG_WARN_EMPTY_BODY = YES;
				CLANG_WARN_ENUM_CONVERSION = YES;
				CLANG_WARN_INT_CONVERSION = YES;
				CLANG_WARN_OBJC_ROOT_CLASS = YES_ERROR;
				CLANG_WARN_UNREACHABLE_CODE = YES;
				CLANG_WARN__DUPLICATE_METHOD_MATCH = YES;
				"CODE_SIGN_IDENTITY[sdk=iphoneos*]" = "iPhone Developer";
				COPY_PHASE_STRIP = NO;
				DEBUG_INFORMATION_FORMAT = "dwarf-with-dsym";
				ENABLE_NS_ASSERTIONS = NO;
				ENABLE_STRICT_OBJC_MSGSEND = YES;
				GCC_C_LANGUAGE_STANDARD = gnu99;
				GCC_NO_COMMON_BLOCKS = YES;
				GCC_WARN_64_TO_32_BIT_CONVERSION = YES;
				GCC_WARN_ABOUT_RETURN_TYPE = YES_ERROR;
				GCC_WARN_UNDECLARED_SELECTOR = YES;
				GCC_WARN_UNINITIALIZED_AUTOS = YES_AGGRESSIVE;
				GCC_WARN_UNUSED_FUNCTION = YES;
				GCC_WARN_UNUSED_VARIABLE = YES;
				IPHONEOS_DEPLOYMENT_TARGET = 9.0;
				MTL_ENABLE_DEBUG_INFO = NO;
				SDKROOT = iphoneos;
				TARGETED_DEVICE_FAMILY = "1,2";
				VALIDATE_PRODUCT = YES;
			};
			name = Release;
		};
		B4E3BB1B1B27CEE900742CCF /* Debug */ = {
			isa = XCBuildConfiguration;
			buildSettings = {
				ASSETCATALOG_COMPILER_APPICON_NAME = AppIcon;
				INFOPLIST_FILE = AAATest/Info.plist;
				LD_RUNPATH_SEARCH_PATHS = "$(inherited) @executable_path/Frameworks";
				PRODUCT_BUNDLE_IDENTIFIER = com.euclidsoftware.AAATest;
				PRODUCT_NAME = "$(TARGET_NAME)";
			};
			name = Debug;
		};
		B4E3BB1C1B27CEE900742CCF /* Release */ = {
			isa = XCBuildConfiguration;
			buildSettings = {
				ASSETCATALOG_COMPILER_APPICON_NAME = AppIcon;
				INFOPLIST_FILE = AAATest/Info.plist;
				LD_RUNPATH_SEARCH_PATHS = "$(inherited) @executable_path/Frameworks";
				PRODUCT_BUNDLE_IDENTIFIER = com.euclidsoftware.AAATest;
				PRODUCT_NAME = "$(TARGET_NAME)";
			};
			name = Release;
		};
		B4E3BB1E1B27CEE900742CCF /* Debug */ = {
			isa = XCBuildConfiguration;
			buildSettings = {
				BUNDLE_LOADER = "$(TEST_HOST)";
				INFOPLIST_FILE = AAATestTests/Info.plist;
				LD_RUNPATH_SEARCH_PATHS = "$(inherited) @executable_path/Frameworks @loader_path/Frameworks";
				PRODUCT_BUNDLE_IDENTIFIER = com.euclidsoftware.AAATestTests;
				PRODUCT_NAME = "$(TARGET_NAME)";
				TEST_HOST = "$(BUILT_PRODUCTS_DIR)/AAATest.app/AAATest";
			};
			name = Debug;
		};
		B4E3BB1F1B27CEE900742CCF /* Release */ = {
			isa = XCBuildConfiguration;
			buildSettings = {
				BUNDLE_LOADER = "$(TEST_HOST)";
				INFOPLIST_FILE = AAATestTests/Info.plist;
				LD_RUNPATH_SEARCH_PATHS = "$(inherited) @executable_path/Frameworks @loader_path/Frameworks";
				PRODUCT_BUNDLE_IDENTIFIER = com.euclidsoftware.AAATestTests;
				PRODUCT_NAME = "$(TARGET_NAME)";
				TEST_HOST = "$(BUILT_PRODUCTS_DIR)/AAATest.app/AAATest";
			};
			name = Release;
		};
		B4E3BB211B27CEE900742CCF /* Debug */ = {
			isa = XCBuildConfiguration;
			buildSettings = {
				INFOPLIST_FILE = AAATestUITests/Info.plist;
				LD_RUNPATH_SEARCH_PATHS = "$(inherited) @executable_path/Frameworks @loader_path/Frameworks";
				PRODUCT_BUNDLE_IDENTIFIER = com.euclidsoftware.AAATestUITests;
				PRODUCT_NAME = "$(TARGET_NAME)";
				TEST_TARGET_NAME = AAATest;
				USES_XCTRUNNER = YES;
			};
			name = Debug;
		};
		B4E3BB221B27CEE900742CCF /* Release */ = {
			isa = XCBuildConfiguration;
			buildSettings = {
				INFOPLIST_FILE = AAATestUITests/Info.plist;
				LD_RUNPATH_SEARCH_PATHS = "$(inherited) @executable_path/Frameworks @loader_path/Frameworks";
				PRODUCT_BUNDLE_IDENTIFIER = com.euclidsoftware.AAATestUITests;
				PRODUCT_NAME = "$(TARGET_NAME)";
				TEST_TARGET_NAME = AAATest;
				USES_XCTRUNNER = YES;
			};
			name = Release;
		};
/* End XCBuildConfiguration section */

/* Begin XCConfigurationList section */
		B4E3BAE51B27CEE900742CCF /* Build configuration list for PBXProject "AAATest" */ = {
			isa = XCConfigurationList;
			buildConfigurations = (
				B4E3BB181B27CEE900742CCF /* Debug */,
				B4E3BB191B27CEE900742CCF /* Release */,
			);
			defaultConfigurationIsVisible = 0;
			defaultConfigurationName = Release;
		};
		B4E3BB1A1B27CEE900742CCF /* Build configuration list for PBXNativeTarget "AAATest" */ = {
			isa = XCConfigurationList;
			buildConfigurations = (
				B4E3BB1B1B27CEE900742CCF /* Debug */,
				B4E3BB1C1B27CEE900742CCF /* Release */,
			);
			defaultConfigurationIsVisible = 0;
		};
		B4E3BB1D1B27CEE900742CCF /* Build configuration list for PBXNativeTarget "AAATestTests" */ = {
			isa = XCConfigurationList;
			buildConfigurations = (
				B4E3BB1E1B27CEE900742CCF /* Debug */,
				B4E3BB1F1B27CEE900742CCF /* Release */,
			);
			defaultConfigurationIsVisible = 0;
		};
		B4E3BB201B27CEE900742CCF /* Build configuration list for PBXNativeTarget "AAATestUITests" */ = {
			isa = XCConfigurationList;
			buildConfigurations = (
				B4E3BB211B27CEE900742CCF /* Debug */,
				B4E3BB221B27CEE900742CCF /* Release */,
			);
			defaultConfigurationIsVisible = 0;
		};
/* End XCConfigurationList section */
	};
	rootObject = B4E3BAE21B27CEE900742CCF /* Project object */;
}
